// !$*UTF8*$!
{
	archiveVersion = 1;
	classes = {
	};
	objectVersion = 46;
	objects = {

/* Begin PBXBuildFile section */
		654224D41ED28E1F00A2C853 /* ZLyricModelTool.swift in Sources */ = {isa = PBXBuildFile; fileRef = 654224D31ED28E1F00A2C853 /* ZLyricModelTool.swift */; };
		654224D61ED28E3400A2C853 /* ZAudioTool.swift in Sources */ = {isa = PBXBuildFile; fileRef = 654224D51ED28E3400A2C853 /* ZAudioTool.swift */; };
		654224D81ED28E4700A2C853 /* ZMusicTool.swift in Sources */ = {isa = PBXBuildFile; fileRef = 654224D71ED28E4700A2C853 /* ZMusicTool.swift */; };
		654224DA1ED28E6500A2C853 /* ZMusicModelTool.swift in Sources */ = {isa = PBXBuildFile; fileRef = 654224D91ED28E6500A2C853 /* ZMusicModelTool.swift */; };
		654225091ED2D24300A2C853 /* bb@2x.jpg in Resources */ = {isa = PBXBuildFile; fileRef = 654224DD1ED2D24300A2C853 /* bb@2x.jpg */; };
		6542250A1ED2D24300A2C853 /* bb_icon@2x.jpg in Resources */ = {isa = PBXBuildFile; fileRef = 654224DE1ED2D24300A2C853 /* bb_icon@2x.jpg */; };
		6542250B1ED2D24300A2C853 /* dzq@2x.jpg in Resources */ = {isa = PBXBuildFile; fileRef = 654224DF1ED2D24300A2C853 /* dzq@2x.jpg */; };
		6542250C1ED2D24300A2C853 /* dzq_icon@2x.jpg in Resources */ = {isa = PBXBuildFile; fileRef = 654224E01ED2D24300A2C853 /* dzq_icon@2x.jpg */; };
		6542250D1ED2D24300A2C853 /* eason@2x.jpg in Resources */ = {isa = PBXBuildFile; fileRef = 654224E11ED2D24300A2C853 /* eason@2x.jpg */; };
		6542250E1ED2D24300A2C853 /* eason_icon@2x.jpg in Resources */ = {isa = PBXBuildFile; fileRef = 654224E21ED2D24300A2C853 /* eason_icon@2x.jpg */; };
		6542250F1ED2D24300A2C853 /* jay@2x.jpg in Resources */ = {isa = PBXBuildFile; fileRef = 654224E31ED2D24300A2C853 /* jay@2x.jpg */; };
		654225101ED2D24300A2C853 /* jay_icon@2x.png in Resources */ = {isa = PBXBuildFile; fileRef = 654224E41ED2D24300A2C853 /* jay_icon@2x.png */; };
		654225111ED2D24300A2C853 /* jj@2x.jpg in Resources */ = {isa = PBXBuildFile; fileRef = 654224E51ED2D24300A2C853 /* jj@2x.jpg */; };
		654225121ED2D24300A2C853 /* jj_icon@2x.png in Resources */ = {isa = PBXBuildFile; fileRef = 654224E61ED2D24300A2C853 /* jj_icon@2x.png */; };
		654225131ED2D24300A2C853 /* kzxd@2x.jpg in Resources */ = {isa = PBXBuildFile; fileRef = 654224E71ED2D24300A2C853 /* kzxd@2x.jpg */; };
		654225141ED2D24300A2C853 /* kzxd_icon@2x.jpg in Resources */ = {isa = PBXBuildFile; fileRef = 654224E81ED2D24300A2C853 /* kzxd_icon@2x.jpg */; };
		654225151ED2D24300A2C853 /* lkq@2x.jpg in Resources */ = {isa = PBXBuildFile; fileRef = 654224E91ED2D24300A2C853 /* lkq@2x.jpg */; };
		654225161ED2D24300A2C853 /* lkq_icon@2x.jpg in Resources */ = {isa = PBXBuildFile; fileRef = 654224EA1ED2D24300A2C853 /* lkq_icon@2x.jpg */; };
		654225171ED2D24300A2C853 /* nanquan@2x.jpg in Resources */ = {isa = PBXBuildFile; fileRef = 654224EB1ED2D24300A2C853 /* nanquan@2x.jpg */; };
		654225181ED2D24300A2C853 /* nanquan_icon@2x.jpg in Resources */ = {isa = PBXBuildFile; fileRef = 654224EC1ED2D24300A2C853 /* nanquan_icon@2x.jpg */; };
		654225191ED2D24300A2C853 /* wf@2x.jpg in Resources */ = {isa = PBXBuildFile; fileRef = 654224ED1ED2D24300A2C853 /* wf@2x.jpg */; };
		6542251A1ED2D24300A2C853 /* wf_icon@2x.jpg in Resources */ = {isa = PBXBuildFile; fileRef = 654224EE1ED2D24300A2C853 /* wf_icon@2x.jpg */; };
		6542251B1ED2D24300A2C853 /* zxy@2x.jpg in Resources */ = {isa = PBXBuildFile; fileRef = 654224EF1ED2D24300A2C853 /* zxy@2x.jpg */; };
		6542251C1ED2D24300A2C853 /* zxy_icon@2x.jpg in Resources */ = {isa = PBXBuildFile; fileRef = 654224F01ED2D24300A2C853 /* zxy_icon@2x.jpg */; };
		6542251D1ED2D24300A2C853 /* 10405520.lrc in Resources */ = {isa = PBXBuildFile; fileRef = 654224F21ED2D24300A2C853 /* 10405520.lrc */; };
		6542251E1ED2D24300A2C853 /* 10736444.lrc in Resources */ = {isa = PBXBuildFile; fileRef = 654224F31ED2D24300A2C853 /* 10736444.lrc */; };
		6542251F1ED2D24300A2C853 /* 120125029.lrc in Resources */ = {isa = PBXBuildFile; fileRef = 654224F41ED2D24300A2C853 /* 120125029.lrc */; };
		654225201ED2D24300A2C853 /* 12309111.lrc in Resources */ = {isa = PBXBuildFile; fileRef = 654224F51ED2D24300A2C853 /* 12309111.lrc */; };
		654225211ED2D24300A2C853 /* 14945107.lrc in Resources */ = {isa = PBXBuildFile; fileRef = 654224F61ED2D24300A2C853 /* 14945107.lrc */; };
		654225221ED2D24300A2C853 /* 235319.lrc in Resources */ = {isa = PBXBuildFile; fileRef = 654224F71ED2D24300A2C853 /* 235319.lrc */; };
		654225231ED2D24300A2C853 /* 255319.lrc in Resources */ = {isa = PBXBuildFile; fileRef = 654224F81ED2D24300A2C853 /* 255319.lrc */; };
		654225241ED2D24300A2C853 /* 309769.lrc in Resources */ = {isa = PBXBuildFile; fileRef = 654224F91ED2D24300A2C853 /* 309769.lrc */; };
		654225251ED2D24300A2C853 /* 339744.lrc in Resources */ = {isa = PBXBuildFile; fileRef = 654224FA1ED2D24300A2C853 /* 339744.lrc */; };
		654225261ED2D24300A2C853 /* 月半小夜曲.lrc in Resources */ = {isa = PBXBuildFile; fileRef = 654224FB1ED2D24300A2C853 /* 月半小夜曲.lrc */; };
		654225271ED2D24300A2C853 /* 10405520.mp3 in Resources */ = {isa = PBXBuildFile; fileRef = 654224FD1ED2D24300A2C853 /* 10405520.mp3 */; };
		654225281ED2D24300A2C853 /* 10736444.mp3 in Resources */ = {isa = PBXBuildFile; fileRef = 654224FE1ED2D24300A2C853 /* 10736444.mp3 */; };
		654225291ED2D24300A2C853 /* 1201111234.mp3 in Resources */ = {isa = PBXBuildFile; fileRef = 654224FF1ED2D24300A2C853 /* 1201111234.mp3 */; };
		6542252A1ED2D24300A2C853 /* 120125029.mp3 in Resources */ = {isa = PBXBuildFile; fileRef = 654225001ED2D24300A2C853 /* 120125029.mp3 */; };
		6542252B1ED2D24300A2C853 /* 12309111.mp3 in Resources */ = {isa = PBXBuildFile; fileRef = 654225011ED2D24300A2C853 /* 12309111.mp3 */; };
		6542252C1ED2D24300A2C853 /* 14945107.mp3 in Resources */ = {isa = PBXBuildFile; fileRef = 654225021ED2D24300A2C853 /* 14945107.mp3 */; };
		6542252D1ED2D24300A2C853 /* 235319.mp3 in Resources */ = {isa = PBXBuildFile; fileRef = 654225031ED2D24300A2C853 /* 235319.mp3 */; };
		6542252E1ED2D24300A2C853 /* 255319.mp3 in Resources */ = {isa = PBXBuildFile; fileRef = 654225041ED2D24300A2C853 /* 255319.mp3 */; };
		6542252F1ED2D24300A2C853 /* 309769.mp3 in Resources */ = {isa = PBXBuildFile; fileRef = 654225051ED2D24300A2C853 /* 309769.mp3 */; };
		654225301ED2D24300A2C853 /* 339744.mp3 in Resources */ = {isa = PBXBuildFile; fileRef = 654225061ED2D24300A2C853 /* 339744.mp3 */; };
		654225361ED2D2EA00A2C853 /* QQListBack.jpg in Resources */ = {isa = PBXBuildFile; fileRef = 654225331ED2D2EA00A2C853 /* QQListBack.jpg */; };
		654225371ED2D2EA00A2C853 /* Musics.plist in Resources */ = {isa = PBXBuildFile; fileRef = 654225351ED2D2EA00A2C853 /* Musics.plist */; };
		6542253B1ED2D95E00A2C853 /* MJExtension.swift in Sources */ = {isa = PBXBuildFile; fileRef = 6542253A1ED2D95E00A2C853 /* MJExtension.swift */; };
		654225411ED3E6DD00A2C853 /* ZMusicListTVC.swift in Sources */ = {isa = PBXBuildFile; fileRef = 654225401ED3E6DD00A2C853 /* ZMusicListTVC.swift */; };
		654225431ED3E98800A2C853 /* ZMusicListViewController.swift in Sources */ = {isa = PBXBuildFile; fileRef = 654225421ED3E98800A2C853 /* ZMusicListViewController.swift */; };
		654225451ED411F100A2C853 /* ZMusicViewController.swift in Sources */ = {isa = PBXBuildFile; fileRef = 654225441ED411F100A2C853 /* ZMusicViewController.swift */; };
		654225471ED4123F00A2C853 /* ZLyricViewController.swift in Sources */ = {isa = PBXBuildFile; fileRef = 654225461ED4123F00A2C853 /* ZLyricViewController.swift */; };
		654225491ED42FC100A2C853 /* ZLyricTVC.swift in Sources */ = {isa = PBXBuildFile; fileRef = 654225481ED42FC100A2C853 /* ZLyricTVC.swift */; };
		6542254B1ED42FFE00A2C853 /* ZLyricLabel.swift in Sources */ = {isa = PBXBuildFile; fileRef = 6542254A1ED42FFE00A2C853 /* ZLyricLabel.swift */; };
		6542254D1ED4316600A2C853 /* ZBaseTVC.swift in Sources */ = {isa = PBXBuildFile; fileRef = 6542254C1ED4316600A2C853 /* ZBaseTVC.swift */; };
		6542254F1ED43BE900A2C853 /* ZBaseViewController.swift in Sources */ = {isa = PBXBuildFile; fileRef = 6542254E1ED43BE900A2C853 /* ZBaseViewController.swift */; };
		659EA0111ECE835200403E76 /* AppDelegate.swift in Sources */ = {isa = PBXBuildFile; fileRef = 659EA0101ECE835200403E76 /* AppDelegate.swift */; };
		659EA0161ECE835200403E76 /* Main.storyboard in Resources */ = {isa = PBXBuildFile; fileRef = 659EA0141ECE835200403E76 /* Main.storyboard */; };
		659EA0191ECE835200403E76 /* ZMusicPlayerSwiftDemo.xcdatamodeld in Sources */ = {isa = PBXBuildFile; fileRef = 659EA0171ECE835200403E76 /* ZMusicPlayerSwiftDemo.xcdatamodeld */; };
		659EA01B1ECE835200403E76 /* Assets.xcassets in Resources */ = {isa = PBXBuildFile; fileRef = 659EA01A1ECE835200403E76 /* Assets.xcassets */; };
		659EA01E1ECE835200403E76 /* LaunchScreen.storyboard in Resources */ = {isa = PBXBuildFile; fileRef = 659EA01C1ECE835200403E76 /* LaunchScreen.storyboard */; };
		659EA0291ECE835200403E76 /* ZMusicPlayerSwiftDemoTests.swift in Sources */ = {isa = PBXBuildFile; fileRef = 659EA0281ECE835200403E76 /* ZMusicPlayerSwiftDemoTests.swift */; };
		659EA0341ECE835200403E76 /* ZMusicPlayerSwiftDemoUITests.swift in Sources */ = {isa = PBXBuildFile; fileRef = 659EA0331ECE835200403E76 /* ZMusicPlayerSwiftDemoUITests.swift */; };
		65C5E7CE1ED686E9001D30EC /* ZBaseTV.swift in Sources */ = {isa = PBXBuildFile; fileRef = 65C5E7CD1ED686E9001D30EC /* ZBaseTV.swift */; };
		65C5E7D01ED95806001D30EC /* AVKit.framework in Frameworks */ = {isa = PBXBuildFile; fileRef = 65C5E7CF1ED95806001D30EC /* AVKit.framework */; };
		65C5E7D21ED96578001D30EC /* ZEnumManager.swift in Sources */ = {isa = PBXBuildFile; fileRef = 65C5E7D11ED96578001D30EC /* ZEnumManager.swift */; };
		65C658A51ECEA47200296D42 /* ZNavigationController.swift in Sources */ = {isa = PBXBuildFile; fileRef = 65C658A41ECEA47200296D42 /* ZNavigationController.swift */; };
		65C658AF1ECED19300296D42 /* ZModelLyric.swift in Sources */ = {isa = PBXBuildFile; fileRef = 65C658AE1ECED19300296D42 /* ZModelLyric.swift */; };
		65C658B11ECED1A000296D42 /* ZModelMusic.swift in Sources */ = {isa = PBXBuildFile; fileRef = 65C658B01ECED1A000296D42 /* ZModelMusic.swift */; };
		65C658B31ECEDEE900296D42 /* ModelMusicPlayer.swift in Sources */ = {isa = PBXBuildFile; fileRef = 65C658B21ECEDEE900296D42 /* ModelMusicPlayer.swift */; };
		65C658BA1ECEE1C100296D42 /* ZExtendClass.swift in Sources */ = {isa = PBXBuildFile; fileRef = 65C658B91ECEE1C100296D42 /* ZExtendClass.swift */; };
		65C658BC1ECEE1F800296D42 /* AVFoundation.framework in Frameworks */ = {isa = PBXBuildFile; fileRef = 65C658BB1ECEE1F800296D42 /* AVFoundation.framework */; };
		65C658BE1ECEE20A00296D42 /* UIKit.framework in Frameworks */ = {isa = PBXBuildFile; fileRef = 65C658BD1ECEE20A00296D42 /* UIKit.framework */; };
		65C658C01ECEE20F00296D42 /* Foundation.framework in Frameworks */ = {isa = PBXBuildFile; fileRef = 65C658BF1ECEE20F00296D42 /* Foundation.framework */; };
		65C658C21ECEE82B00296D42 /* CoreGraphics.framework in Frameworks */ = {isa = PBXBuildFile; fileRef = 65C658C11ECEE82B00296D42 /* CoreGraphics.framework */; };
		CBD2FC234CEC277495DC0341 /* Pods_ZMusicPlayerSwiftDemo.framework in Frameworks */ = {isa = PBXBuildFile; fileRef = 57908872CA7D7CFC2E91B16D /* Pods_ZMusicPlayerSwiftDemo.framework */; };
/* End PBXBuildFile section */

/* Begin PBXContainerItemProxy section */
		659EA0251ECE835200403E76 /* PBXContainerItemProxy */ = {
			isa = PBXContainerItemProxy;
			containerPortal = 659EA0051ECE835200403E76 /* Project object */;
			proxyType = 1;
			remoteGlobalIDString = 659EA00C1ECE835200403E76;
			remoteInfo = ZMusicPlayerSwiftDemo;
		};
		659EA0301ECE835200403E76 /* PBXContainerItemProxy */ = {
			isa = PBXContainerItemProxy;
			containerPortal = 659EA0051ECE835200403E76 /* Project object */;
			proxyType = 1;
			remoteGlobalIDString = 659EA00C1ECE835200403E76;
			remoteInfo = ZMusicPlayerSwiftDemo;
		};
/* End PBXContainerItemProxy section */

/* Begin PBXFileReference section */
		1964D9D2006F77BB9E5770AD /* Pods-ZMusicPlayerSwiftDemo.debug.xcconfig */ = {isa = PBXFileReference; includeInIndex = 1; lastKnownFileType = text.xcconfig; name = "Pods-ZMusicPlayerSwiftDemo.debug.xcconfig"; path = "Pods/Target Support Files/Pods-ZMusicPlayerSwiftDemo/Pods-ZMusicPlayerSwiftDemo.debug.xcconfig"; sourceTree = "<group>"; };
		55343139A01434F1ED23E74A /* Pods-ZMusicPlayerSwiftDemo.release.xcconfig */ = {isa = PBXFileReference; includeInIndex = 1; lastKnownFileType = text.xcconfig; name = "Pods-ZMusicPlayerSwiftDemo.release.xcconfig"; path = "Pods/Target Support Files/Pods-ZMusicPlayerSwiftDemo/Pods-ZMusicPlayerSwiftDemo.release.xcconfig"; sourceTree = "<group>"; };
		57908872CA7D7CFC2E91B16D /* Pods_ZMusicPlayerSwiftDemo.framework */ = {isa = PBXFileReference; explicitFileType = wrapper.framework; includeInIndex = 0; path = Pods_ZMusicPlayerSwiftDemo.framework; sourceTree = BUILT_PRODUCTS_DIR; };
		654224D31ED28E1F00A2C853 /* ZLyricModelTool.swift */ = {isa = PBXFileReference; fileEncoding = 4; lastKnownFileType = sourcecode.swift; path = ZLyricModelTool.swift; sourceTree = "<group>"; };
		654224D51ED28E3400A2C853 /* ZAudioTool.swift */ = {isa = PBXFileReference; fileEncoding = 4; lastKnownFileType = sourcecode.swift; path = ZAudioTool.swift; sourceTree = "<group>"; };
		654224D71ED28E4700A2C853 /* ZMusicTool.swift */ = {isa = PBXFileReference; fileEncoding = 4; lastKnownFileType = sourcecode.swift; path = ZMusicTool.swift; sourceTree = "<group>"; };
		654224D91ED28E6500A2C853 /* ZMusicModelTool.swift */ = {isa = PBXFileReference; fileEncoding = 4; lastKnownFileType = sourcecode.swift; path = ZMusicModelTool.swift; sourceTree = "<group>"; };
		654224DD1ED2D24300A2C853 /* bb@2x.jpg */ = {isa = PBXFileReference; lastKnownFileType = image.jpeg; path = "bb@2x.jpg"; sourceTree = "<group>"; };
		654224DE1ED2D24300A2C853 /* bb_icon@2x.jpg */ = {isa = PBXFileReference; lastKnownFileType = image.jpeg; path = "bb_icon@2x.jpg"; sourceTree = "<group>"; };
		654224DF1ED2D24300A2C853 /* dzq@2x.jpg */ = {isa = PBXFileReference; lastKnownFileType = image.jpeg; path = "dzq@2x.jpg"; sourceTree = "<group>"; };
		654224E01ED2D24300A2C853 /* dzq_icon@2x.jpg */ = {isa = PBXFileReference; lastKnownFileType = image.jpeg; path = "dzq_icon@2x.jpg"; sourceTree = "<group>"; };
		654224E11ED2D24300A2C853 /* eason@2x.jpg */ = {isa = PBXFileReference; lastKnownFileType = image.jpeg; path = "eason@2x.jpg"; sourceTree = "<group>"; };
		654224E21ED2D24300A2C853 /* eason_icon@2x.jpg */ = {isa = PBXFileReference; lastKnownFileType = image.jpeg; path = "eason_icon@2x.jpg"; sourceTree = "<group>"; };
		654224E31ED2D24300A2C853 /* jay@2x.jpg */ = {isa = PBXFileReference; lastKnownFileType = image.jpeg; path = "jay@2x.jpg"; sourceTree = "<group>"; };
		654224E41ED2D24300A2C853 /* jay_icon@2x.png */ = {isa = PBXFileReference; lastKnownFileType = image.png; path = "jay_icon@2x.png"; sourceTree = "<group>"; };
		654224E51ED2D24300A2C853 /* jj@2x.jpg */ = {isa = PBXFileReference; lastKnownFileType = image.jpeg; path = "jj@2x.jpg"; sourceTree = "<group>"; };
		654224E61ED2D24300A2C853 /* jj_icon@2x.png */ = {isa = PBXFileReference; lastKnownFileType = image.png; path = "jj_icon@2x.png"; sourceTree = "<group>"; };
		654224E71ED2D24300A2C853 /* kzxd@2x.jpg */ = {isa = PBXFileReference; lastKnownFileType = image.jpeg; path = "kzxd@2x.jpg"; sourceTree = "<group>"; };
		654224E81ED2D24300A2C853 /* kzxd_icon@2x.jpg */ = {isa = PBXFileReference; lastKnownFileType = image.jpeg; path = "kzxd_icon@2x.jpg"; sourceTree = "<group>"; };
		654224E91ED2D24300A2C853 /* lkq@2x.jpg */ = {isa = PBXFileReference; lastKnownFileType = image.jpeg; path = "lkq@2x.jpg"; sourceTree = "<group>"; };
		654224EA1ED2D24300A2C853 /* lkq_icon@2x.jpg */ = {isa = PBXFileReference; lastKnownFileType = image.jpeg; path = "lkq_icon@2x.jpg"; sourceTree = "<group>"; };
		654224EB1ED2D24300A2C853 /* nanquan@2x.jpg */ = {isa = PBXFileReference; lastKnownFileType = image.jpeg; path = "nanquan@2x.jpg"; sourceTree = "<group>"; };
		654224EC1ED2D24300A2C853 /* nanquan_icon@2x.jpg */ = {isa = PBXFileReference; lastKnownFileType = image.jpeg; path = "nanquan_icon@2x.jpg"; sourceTree = "<group>"; };
		654224ED1ED2D24300A2C853 /* wf@2x.jpg */ = {isa = PBXFileReference; lastKnownFileType = image.jpeg; path = "wf@2x.jpg"; sourceTree = "<group>"; };
		654224EE1ED2D24300A2C853 /* wf_icon@2x.jpg */ = {isa = PBXFileReference; lastKnownFileType = image.jpeg; path = "wf_icon@2x.jpg"; sourceTree = "<group>"; };
		654224EF1ED2D24300A2C853 /* zxy@2x.jpg */ = {isa = PBXFileReference; lastKnownFileType = image.jpeg; path = "zxy@2x.jpg"; sourceTree = "<group>"; };
		654224F01ED2D24300A2C853 /* zxy_icon@2x.jpg */ = {isa = PBXFileReference; lastKnownFileType = image.jpeg; path = "zxy_icon@2x.jpg"; sourceTree = "<group>"; };
		654224F21ED2D24300A2C853 /* 10405520.lrc */ = {isa = PBXFileReference; fileEncoding = 4; lastKnownFileType = text; path = 10405520.lrc; sourceTree = "<group>"; };
		654224F31ED2D24300A2C853 /* 10736444.lrc */ = {isa = PBXFileReference; fileEncoding = 4; lastKnownFileType = text; path = 10736444.lrc; sourceTree = "<group>"; };
		654224F41ED2D24300A2C853 /* 120125029.lrc */ = {isa = PBXFileReference; fileEncoding = 4; lastKnownFileType = text; path = 120125029.lrc; sourceTree = "<group>"; };
		654224F51ED2D24300A2C853 /* 12309111.lrc */ = {isa = PBXFileReference; fileEncoding = 4; lastKnownFileType = text; path = 12309111.lrc; sourceTree = "<group>"; };
		654224F61ED2D24300A2C853 /* 14945107.lrc */ = {isa = PBXFileReference; fileEncoding = 4; lastKnownFileType = text; path = 14945107.lrc; sourceTree = "<group>"; };
		654224F71ED2D24300A2C853 /* 235319.lrc */ = {isa = PBXFileReference; fileEncoding = 4; lastKnownFileType = text; path = 235319.lrc; sourceTree = "<group>"; };
		654224F81ED2D24300A2C853 /* 255319.lrc */ = {isa = PBXFileReference; fileEncoding = 4; lastKnownFileType = text; path = 255319.lrc; sourceTree = "<group>"; };
		654224F91ED2D24300A2C853 /* 309769.lrc */ = {isa = PBXFileReference; fileEncoding = 4; lastKnownFileType = text; path = 309769.lrc; sourceTree = "<group>"; };
		654224FA1ED2D24300A2C853 /* 339744.lrc */ = {isa = PBXFileReference; fileEncoding = 4; lastKnownFileType = text; path = 339744.lrc; sourceTree = "<group>"; };
		654224FB1ED2D24300A2C853 /* 月半小夜曲.lrc */ = {isa = PBXFileReference; fileEncoding = 4; lastKnownFileType = text; path = "月半小夜曲.lrc"; sourceTree = "<group>"; };
		654224FD1ED2D24300A2C853 /* 10405520.mp3 */ = {isa = PBXFileReference; lastKnownFileType = audio.mp3; path = 10405520.mp3; sourceTree = "<group>"; };
		654224FE1ED2D24300A2C853 /* 10736444.mp3 */ = {isa = PBXFileReference; lastKnownFileType = audio.mp3; path = 10736444.mp3; sourceTree = "<group>"; };
		654224FF1ED2D24300A2C853 /* 1201111234.mp3 */ = {isa = PBXFileReference; lastKnownFileType = audio.mp3; path = 1201111234.mp3; sourceTree = "<group>"; };
		654225001ED2D24300A2C853 /* 120125029.mp3 */ = {isa = PBXFileReference; lastKnownFileType = audio.mp3; path = 120125029.mp3; sourceTree = "<group>"; };
		654225011ED2D24300A2C853 /* 12309111.mp3 */ = {isa = PBXFileReference; lastKnownFileType = audio.mp3; path = 12309111.mp3; sourceTree = "<group>"; };
		654225021ED2D24300A2C853 /* 14945107.mp3 */ = {isa = PBXFileReference; lastKnownFileType = audio.mp3; path = 14945107.mp3; sourceTree = "<group>"; };
		654225031ED2D24300A2C853 /* 235319.mp3 */ = {isa = PBXFileReference; lastKnownFileType = audio.mp3; path = 235319.mp3; sourceTree = "<group>"; };
		654225041ED2D24300A2C853 /* 255319.mp3 */ = {isa = PBXFileReference; lastKnownFileType = audio.mp3; path = 255319.mp3; sourceTree = "<group>"; };
		654225051ED2D24300A2C853 /* 309769.mp3 */ = {isa = PBXFileReference; lastKnownFileType = audio.mp3; path = 309769.mp3; sourceTree = "<group>"; };
		654225061ED2D24300A2C853 /* 339744.mp3 */ = {isa = PBXFileReference; lastKnownFileType = audio.mp3; path = 339744.mp3; sourceTree = "<group>"; };
		654225331ED2D2EA00A2C853 /* QQListBack.jpg */ = {isa = PBXFileReference; lastKnownFileType = image.jpeg; path = QQListBack.jpg; sourceTree = "<group>"; };
		654225351ED2D2EA00A2C853 /* Musics.plist */ = {isa = PBXFileReference; fileEncoding = 4; lastKnownFileType = text.plist.xml; path = Musics.plist; sourceTree = "<group>"; };
		6542253A1ED2D95E00A2C853 /* MJExtension.swift */ = {isa = PBXFileReference; fileEncoding = 4; lastKnownFileType = sourcecode.swift; path = MJExtension.swift; sourceTree = "<group>"; };
		654225401ED3E6DD00A2C853 /* ZMusicListTVC.swift */ = {isa = PBXFileReference; fileEncoding = 4; lastKnownFileType = sourcecode.swift; path = ZMusicListTVC.swift; sourceTree = "<group>"; };
		654225421ED3E98800A2C853 /* ZMusicListViewController.swift */ = {isa = PBXFileReference; fileEncoding = 4; lastKnownFileType = sourcecode.swift; path = ZMusicListViewController.swift; sourceTree = "<group>"; };
		654225441ED411F100A2C853 /* ZMusicViewController.swift */ = {isa = PBXFileReference; fileEncoding = 4; lastKnownFileType = sourcecode.swift; path = ZMusicViewController.swift; sourceTree = "<group>"; };
		654225461ED4123F00A2C853 /* ZLyricViewController.swift */ = {isa = PBXFileReference; fileEncoding = 4; lastKnownFileType = sourcecode.swift; path = ZLyricViewController.swift; sourceTree = "<group>"; };
		654225481ED42FC100A2C853 /* ZLyricTVC.swift */ = {isa = PBXFileReference; fileEncoding = 4; lastKnownFileType = sourcecode.swift; path = ZLyricTVC.swift; sourceTree = "<group>"; };
		6542254A1ED42FFE00A2C853 /* ZLyricLabel.swift */ = {isa = PBXFileReference; fileEncoding = 4; lastKnownFileType = sourcecode.swift; path = ZLyricLabel.swift; sourceTree = "<group>"; };
		6542254C1ED4316600A2C853 /* ZBaseTVC.swift */ = {isa = PBXFileReference; fileEncoding = 4; lastKnownFileType = sourcecode.swift; path = ZBaseTVC.swift; sourceTree = "<group>"; };
		6542254E1ED43BE900A2C853 /* ZBaseViewController.swift */ = {isa = PBXFileReference; fileEncoding = 4; lastKnownFileType = sourcecode.swift; path = ZBaseViewController.swift; sourceTree = "<group>"; };
		659EA00D1ECE835200403E76 /* ZMusicPlayerSwiftDemo.app */ = {isa = PBXFileReference; explicitFileType = wrapper.application; includeInIndex = 0; path = ZMusicPlayerSwiftDemo.app; sourceTree = BUILT_PRODUCTS_DIR; };
		659EA0101ECE835200403E76 /* AppDelegate.swift */ = {isa = PBXFileReference; lastKnownFileType = sourcecode.swift; path = AppDelegate.swift; sourceTree = "<group>"; };
		659EA0151ECE835200403E76 /* Base */ = {isa = PBXFileReference; lastKnownFileType = file.storyboard; name = Base; path = Base.lproj/Main.storyboard; sourceTree = "<group>"; };
		659EA0181ECE835200403E76 /* ZMusicPlayerSwiftDemo.xcdatamodel */ = {isa = PBXFileReference; lastKnownFileType = wrapper.xcdatamodel; path = ZMusicPlayerSwiftDemo.xcdatamodel; sourceTree = "<group>"; };
		659EA01A1ECE835200403E76 /* Assets.xcassets */ = {isa = PBXFileReference; lastKnownFileType = folder.assetcatalog; path = Assets.xcassets; sourceTree = "<group>"; };
		659EA01D1ECE835200403E76 /* Base */ = {isa = PBXFileReference; lastKnownFileType = file.storyboard; name = Base; path = Base.lproj/LaunchScreen.storyboard; sourceTree = "<group>"; };
		659EA01F1ECE835200403E76 /* Info.plist */ = {isa = PBXFileReference; lastKnownFileType = text.plist.xml; path = Info.plist; sourceTree = "<group>"; };
		659EA0241ECE835200403E76 /* ZMusicPlayerSwiftDemoTests.xctest */ = {isa = PBXFileReference; explicitFileType = wrapper.cfbundle; includeInIndex = 0; path = ZMusicPlayerSwiftDemoTests.xctest; sourceTree = BUILT_PRODUCTS_DIR; };
		659EA0281ECE835200403E76 /* ZMusicPlayerSwiftDemoTests.swift */ = {isa = PBXFileReference; lastKnownFileType = sourcecode.swift; path = ZMusicPlayerSwiftDemoTests.swift; sourceTree = "<group>"; };
		659EA02A1ECE835200403E76 /* Info.plist */ = {isa = PBXFileReference; lastKnownFileType = text.plist.xml; path = Info.plist; sourceTree = "<group>"; };
		659EA02F1ECE835200403E76 /* ZMusicPlayerSwiftDemoUITests.xctest */ = {isa = PBXFileReference; explicitFileType = wrapper.cfbundle; includeInIndex = 0; path = ZMusicPlayerSwiftDemoUITests.xctest; sourceTree = BUILT_PRODUCTS_DIR; };
		659EA0331ECE835200403E76 /* ZMusicPlayerSwiftDemoUITests.swift */ = {isa = PBXFileReference; lastKnownFileType = sourcecode.swift; path = ZMusicPlayerSwiftDemoUITests.swift; sourceTree = "<group>"; };
		659EA0351ECE835200403E76 /* Info.plist */ = {isa = PBXFileReference; lastKnownFileType = text.plist.xml; path = Info.plist; sourceTree = "<group>"; };
		65C5E7CD1ED686E9001D30EC /* ZBaseTV.swift */ = {isa = PBXFileReference; fileEncoding = 4; lastKnownFileType = sourcecode.swift; path = ZBaseTV.swift; sourceTree = "<group>"; };
		65C5E7CF1ED95806001D30EC /* AVKit.framework */ = {isa = PBXFileReference; lastKnownFileType = wrapper.framework; name = AVKit.framework; path = System/Library/Frameworks/AVKit.framework; sourceTree = SDKROOT; };
		65C5E7D11ED96578001D30EC /* ZEnumManager.swift */ = {isa = PBXFileReference; fileEncoding = 4; lastKnownFileType = sourcecode.swift; path = ZEnumManager.swift; sourceTree = "<group>"; };
		65C658A41ECEA47200296D42 /* ZNavigationController.swift */ = {isa = PBXFileReference; fileEncoding = 4; lastKnownFileType = sourcecode.swift; path = ZNavigationController.swift; sourceTree = "<group>"; };
		65C658AE1ECED19300296D42 /* ZModelLyric.swift */ = {isa = PBXFileReference; fileEncoding = 4; lastKnownFileType = sourcecode.swift; path = ZModelLyric.swift; sourceTree = "<group>"; };
		65C658B01ECED1A000296D42 /* ZModelMusic.swift */ = {isa = PBXFileReference; fileEncoding = 4; lastKnownFileType = sourcecode.swift; path = ZModelMusic.swift; sourceTree = "<group>"; };
		65C658B21ECEDEE900296D42 /* ModelMusicPlayer.swift */ = {isa = PBXFileReference; fileEncoding = 4; lastKnownFileType = sourcecode.swift; path = ModelMusicPlayer.swift; sourceTree = "<group>"; };
		65C658B91ECEE1C100296D42 /* ZExtendClass.swift */ = {isa = PBXFileReference; fileEncoding = 4; lastKnownFileType = sourcecode.swift; path = ZExtendClass.swift; sourceTree = "<group>"; };
		65C658BB1ECEE1F800296D42 /* AVFoundation.framework */ = {isa = PBXFileReference; lastKnownFileType = wrapper.framework; name = AVFoundation.framework; path = System/Library/Frameworks/AVFoundation.framework; sourceTree = SDKROOT; };
		65C658BD1ECEE20A00296D42 /* UIKit.framework */ = {isa = PBXFileReference; lastKnownFileType = wrapper.framework; name = UIKit.framework; path = System/Library/Frameworks/UIKit.framework; sourceTree = SDKROOT; };
		65C658BF1ECEE20F00296D42 /* Foundation.framework */ = {isa = PBXFileReference; lastKnownFileType = wrapper.framework; name = Foundation.framework; path = System/Library/Frameworks/Foundation.framework; sourceTree = SDKROOT; };
		65C658C11ECEE82B00296D42 /* CoreGraphics.framework */ = {isa = PBXFileReference; lastKnownFileType = wrapper.framework; name = CoreGraphics.framework; path = System/Library/Frameworks/CoreGraphics.framework; sourceTree = SDKROOT; };
/* End PBXFileReference section */

/* Begin PBXFrameworksBuildPhase section */
		659EA00A1ECE835200403E76 /* Frameworks */ = {
			isa = PBXFrameworksBuildPhase;
			buildActionMask = 2147483647;
			files = (
				65C5E7D01ED95806001D30EC /* AVKit.framework in Frameworks */,
				65C658C21ECEE82B00296D42 /* CoreGraphics.framework in Frameworks */,
				65C658C01ECEE20F00296D42 /* Foundation.framework in Frameworks */,
				65C658BE1ECEE20A00296D42 /* UIKit.framework in Frameworks */,
				65C658BC1ECEE1F800296D42 /* AVFoundation.framework in Frameworks */,
				CBD2FC234CEC277495DC0341 /* Pods_ZMusicPlayerSwiftDemo.framework in Frameworks */,
			);
			runOnlyForDeploymentPostprocessing = 0;
		};
		659EA0211ECE835200403E76 /* Frameworks */ = {
			isa = PBXFrameworksBuildPhase;
			buildActionMask = 2147483647;
			files = (
			);
			runOnlyForDeploymentPostprocessing = 0;
		};
		659EA02C1ECE835200403E76 /* Frameworks */ = {
			isa = PBXFrameworksBuildPhase;
			buildActionMask = 2147483647;
			files = (
			);
			runOnlyForDeploymentPostprocessing = 0;
		};
/* End PBXFrameworksBuildPhase section */

/* Begin PBXGroup section */
		284EA3038AEE6E0A7EE9978B /* Frameworks */ = {
			isa = PBXGroup;
			children = (
				65C658BB1ECEE1F800296D42 /* AVFoundation.framework */,
				65C5E7CF1ED95806001D30EC /* AVKit.framework */,
				65C658C11ECEE82B00296D42 /* CoreGraphics.framework */,
				65C658BF1ECEE20F00296D42 /* Foundation.framework */,
				57908872CA7D7CFC2E91B16D /* Pods_ZMusicPlayerSwiftDemo.framework */,
				65C658BD1ECEE20A00296D42 /* UIKit.framework */,
			);
			name = Frameworks;
			sourceTree = "<group>";
		};
		654224DB1ED2D24300A2C853 /* Resources */ = {
			isa = PBXGroup;
			children = (
				654225321ED2D2EA00A2C853 /* Back */,
				654224DC1ED2D24300A2C853 /* Images */,
				654224F11ED2D24300A2C853 /* Lrcs */,
				654224FC1ED2D24300A2C853 /* MP3s */,
				654225341ED2D2EA00A2C853 /* Plist */,
			);
			path = Resources;
			sourceTree = "<group>";
		};
		654224DC1ED2D24300A2C853 /* Images */ = {
			isa = PBXGroup;
			children = (
				654224DD1ED2D24300A2C853 /* bb@2x.jpg */,
				654224DE1ED2D24300A2C853 /* bb_icon@2x.jpg */,
				654224DF1ED2D24300A2C853 /* dzq@2x.jpg */,
				654224E01ED2D24300A2C853 /* dzq_icon@2x.jpg */,
				654224E11ED2D24300A2C853 /* eason@2x.jpg */,
				654224E21ED2D24300A2C853 /* eason_icon@2x.jpg */,
				654224E31ED2D24300A2C853 /* jay@2x.jpg */,
				654224E41ED2D24300A2C853 /* jay_icon@2x.png */,
				654224E51ED2D24300A2C853 /* jj@2x.jpg */,
				654224E61ED2D24300A2C853 /* jj_icon@2x.png */,
				654224E71ED2D24300A2C853 /* kzxd@2x.jpg */,
				654224E81ED2D24300A2C853 /* kzxd_icon@2x.jpg */,
				654224E91ED2D24300A2C853 /* lkq@2x.jpg */,
				654224EA1ED2D24300A2C853 /* lkq_icon@2x.jpg */,
				654224EB1ED2D24300A2C853 /* nanquan@2x.jpg */,
				654224EC1ED2D24300A2C853 /* nanquan_icon@2x.jpg */,
				654224ED1ED2D24300A2C853 /* wf@2x.jpg */,
				654224EE1ED2D24300A2C853 /* wf_icon@2x.jpg */,
				654224EF1ED2D24300A2C853 /* zxy@2x.jpg */,
				654224F01ED2D24300A2C853 /* zxy_icon@2x.jpg */,
			);
			path = Images;
			sourceTree = "<group>";
		};
		654224F11ED2D24300A2C853 /* Lrcs */ = {
			isa = PBXGroup;
			children = (
				654224F21ED2D24300A2C853 /* 10405520.lrc */,
				654224F31ED2D24300A2C853 /* 10736444.lrc */,
				654224F41ED2D24300A2C853 /* 120125029.lrc */,
				654224F51ED2D24300A2C853 /* 12309111.lrc */,
				654224F61ED2D24300A2C853 /* 14945107.lrc */,
				654224F71ED2D24300A2C853 /* 235319.lrc */,
				654224F81ED2D24300A2C853 /* 255319.lrc */,
				654224F91ED2D24300A2C853 /* 309769.lrc */,
				654224FA1ED2D24300A2C853 /* 339744.lrc */,
				654224FB1ED2D24300A2C853 /* 月半小夜曲.lrc */,
			);
			path = Lrcs;
			sourceTree = "<group>";
		};
		654224FC1ED2D24300A2C853 /* MP3s */ = {
			isa = PBXGroup;
			children = (
				654224FD1ED2D24300A2C853 /* 10405520.mp3 */,
				654224FE1ED2D24300A2C853 /* 10736444.mp3 */,
				654224FF1ED2D24300A2C853 /* 1201111234.mp3 */,
				654225001ED2D24300A2C853 /* 120125029.mp3 */,
				654225011ED2D24300A2C853 /* 12309111.mp3 */,
				654225021ED2D24300A2C853 /* 14945107.mp3 */,
				654225031ED2D24300A2C853 /* 235319.mp3 */,
				654225041ED2D24300A2C853 /* 255319.mp3 */,
				654225051ED2D24300A2C853 /* 309769.mp3 */,
				654225061ED2D24300A2C853 /* 339744.mp3 */,
			);
			path = MP3s;
			sourceTree = "<group>";
		};
		654225321ED2D2EA00A2C853 /* Back */ = {
			isa = PBXGroup;
			children = (
				654225331ED2D2EA00A2C853 /* QQListBack.jpg */,
			);
			path = Back;
			sourceTree = "<group>";
		};
		654225341ED2D2EA00A2C853 /* Plist */ = {
			isa = PBXGroup;
			children = (
				654225351ED2D2EA00A2C853 /* Musics.plist */,
			);
			path = Plist;
			sourceTree = "<group>";
		};
		6542253C1ED3E60B00A2C853 /* UI */ = {
			isa = PBXGroup;
			children = (
				6542253D1ED3E61500A2C853 /* View */,
				6542253F1ED3E63100A2C853 /* ViewController */,
			);
			path = UI;
			sourceTree = "<group>";
		};
		6542253D1ED3E61500A2C853 /* View */ = {
			isa = PBXGroup;
			children = (
				65C5E7CD1ED686E9001D30EC /* ZBaseTV.swift */,
				6542254C1ED4316600A2C853 /* ZBaseTVC.swift */,
				6542254A1ED42FFE00A2C853 /* ZLyricLabel.swift */,
				654225481ED42FC100A2C853 /* ZLyricTVC.swift */,
				654225401ED3E6DD00A2C853 /* ZMusicListTVC.swift */,
			);
			path = View;
			sourceTree = "<group>";
		};
		6542253F1ED3E63100A2C853 /* ViewController */ = {
			isa = PBXGroup;
			children = (
				6542254E1ED43BE900A2C853 /* ZBaseViewController.swift */,
				654225461ED4123F00A2C853 /* ZLyricViewController.swift */,
				654225421ED3E98800A2C853 /* ZMusicListViewController.swift */,
				654225441ED411F100A2C853 /* ZMusicViewController.swift */,
			);
			path = ViewController;
			sourceTree = "<group>";
		};
		659EA0041ECE835200403E76 = {
			isa = PBXGroup;
			children = (
				284EA3038AEE6E0A7EE9978B /* Frameworks */,
				D99BAE61E2E7733B774D1A20 /* Pods */,
				659EA00E1ECE835200403E76 /* Products */,
				65C658A31ECEA3C800296D42 /* ZMusicPlayerSwift */,
				659EA00F1ECE835200403E76 /* ZMusicPlayerSwiftDemo */,
				659EA0271ECE835200403E76 /* ZMusicPlayerSwiftDemoTests */,
				659EA0321ECE835200403E76 /* ZMusicPlayerSwiftDemoUITests */,
			);
			sourceTree = "<group>";
		};
		659EA00E1ECE835200403E76 /* Products */ = {
			isa = PBXGroup;
			children = (
				659EA00D1ECE835200403E76 /* ZMusicPlayerSwiftDemo.app */,
				659EA0241ECE835200403E76 /* ZMusicPlayerSwiftDemoTests.xctest */,
				659EA02F1ECE835200403E76 /* ZMusicPlayerSwiftDemoUITests.xctest */,
			);
			name = Products;
			sourceTree = "<group>";
		};
		659EA00F1ECE835200403E76 /* ZMusicPlayerSwiftDemo */ = {
			isa = PBXGroup;
			children = (
				659EA0101ECE835200403E76 /* AppDelegate.swift */,
				659EA01A1ECE835200403E76 /* Assets.xcassets */,
				659EA01F1ECE835200403E76 /* Info.plist */,
				659EA01C1ECE835200403E76 /* LaunchScreen.storyboard */,
				659EA0141ECE835200403E76 /* Main.storyboard */,
				659EA0171ECE835200403E76 /* ZMusicPlayerSwiftDemo.xcdatamodeld */,
				65C658A41ECEA47200296D42 /* ZNavigationController.swift */,
			);
			path = ZMusicPlayerSwiftDemo;
			sourceTree = "<group>";
		};
		659EA0271ECE835200403E76 /* ZMusicPlayerSwiftDemoTests */ = {
			isa = PBXGroup;
			children = (
				659EA0281ECE835200403E76 /* ZMusicPlayerSwiftDemoTests.swift */,
				659EA02A1ECE835200403E76 /* Info.plist */,
			);
			path = ZMusicPlayerSwiftDemoTests;
			sourceTree = "<group>";
		};
		659EA0321ECE835200403E76 /* ZMusicPlayerSwiftDemoUITests */ = {
			isa = PBXGroup;
			children = (
				659EA0331ECE835200403E76 /* ZMusicPlayerSwiftDemoUITests.swift */,
				659EA0351ECE835200403E76 /* Info.plist */,
			);
			path = ZMusicPlayerSwiftDemoUITests;
			sourceTree = "<group>";
		};
		65C658A31ECEA3C800296D42 /* ZMusicPlayerSwift */ = {
			isa = PBXGroup;
			children = (
				65C658B81ECEE1B900296D42 /* ExtendClass */,
				65C658AD1ECED18000296D42 /* Model */,
				654224DB1ED2D24300A2C853 /* Resources */,
				65C658B41ECEDF8300296D42 /* Tools */,
				6542253C1ED3E60B00A2C853 /* UI */,
			);
			name = ZMusicPlayerSwift;
			path = ../ZMusicPlayerSwift;
			sourceTree = "<group>";
		};
		65C658AD1ECED18000296D42 /* Model */ = {
			isa = PBXGroup;
			children = (
				65C658B21ECEDEE900296D42 /* ModelMusicPlayer.swift */,
				65C658AE1ECED19300296D42 /* ZModelLyric.swift */,
				65C658B01ECED1A000296D42 /* ZModelMusic.swift */,
			);
			path = Model;
			sourceTree = "<group>";
		};
		65C658B41ECEDF8300296D42 /* Tools */ = {
			isa = PBXGroup;
			children = (
				654224D51ED28E3400A2C853 /* ZAudioTool.swift */,
				654224D31ED28E1F00A2C853 /* ZLyricModelTool.swift */,
				654224D91ED28E6500A2C853 /* ZMusicModelTool.swift */,
				654224D71ED28E4700A2C853 /* ZMusicTool.swift */,
			);
			path = Tools;
			sourceTree = "<group>";
		};
		65C658B81ECEE1B900296D42 /* ExtendClass */ = {
			isa = PBXGroup;
			children = (
				65C658B91ECEE1C100296D42 /* ZExtendClass.swift */,
				6542253A1ED2D95E00A2C853 /* MJExtension.swift */,
				65C5E7D11ED96578001D30EC /* ZEnumManager.swift */,
			);
			path = ExtendClass;
			sourceTree = "<group>";
		};
		D99BAE61E2E7733B774D1A20 /* Pods */ = {
			isa = PBXGroup;
			children = (
				1964D9D2006F77BB9E5770AD /* Pods-ZMusicPlayerSwiftDemo.debug.xcconfig */,
				55343139A01434F1ED23E74A /* Pods-ZMusicPlayerSwiftDemo.release.xcconfig */,
			);
			name = Pods;
			sourceTree = "<group>";
		};
/* End PBXGroup section */

/* Begin PBXNativeTarget section */
		659EA00C1ECE835200403E76 /* ZMusicPlayerSwiftDemo */ = {
			isa = PBXNativeTarget;
			buildConfigurationList = 659EA0381ECE835200403E76 /* Build configuration list for PBXNativeTarget "ZMusicPlayerSwiftDemo" */;
			buildPhases = (
				B564888973A20A14FADDBBBC /* [CP] Check Pods Manifest.lock */,
				659EA0091ECE835200403E76 /* Sources */,
				659EA00A1ECE835200403E76 /* Frameworks */,
				659EA00B1ECE835200403E76 /* Resources */,
				09F265C674C852D1A9A99EE7 /* [CP] Embed Pods Frameworks */,
				65E9C96B5CBF6F3181350614 /* [CP] Copy Pods Resources */,
			);
			buildRules = (
			);
			dependencies = (
			);
			name = ZMusicPlayerSwiftDemo;
			productName = ZMusicPlayerSwiftDemo;
			productReference = 659EA00D1ECE835200403E76 /* ZMusicPlayerSwiftDemo.app */;
			productType = "com.apple.product-type.application";
		};
		659EA0231ECE835200403E76 /* ZMusicPlayerSwiftDemoTests */ = {
			isa = PBXNativeTarget;
			buildConfigurationList = 659EA03B1ECE835200403E76 /* Build configuration list for PBXNativeTarget "ZMusicPlayerSwiftDemoTests" */;
			buildPhases = (
				659EA0201ECE835200403E76 /* Sources */,
				659EA0211ECE835200403E76 /* Frameworks */,
				659EA0221ECE835200403E76 /* Resources */,
			);
			buildRules = (
			);
			dependencies = (
				659EA0261ECE835200403E76 /* PBXTargetDependency */,
			);
			name = ZMusicPlayerSwiftDemoTests;
			productName = ZMusicPlayerSwiftDemoTests;
			productReference = 659EA0241ECE835200403E76 /* ZMusicPlayerSwiftDemoTests.xctest */;
			productType = "com.apple.product-type.bundle.unit-test";
		};
		659EA02E1ECE835200403E76 /* ZMusicPlayerSwiftDemoUITests */ = {
			isa = PBXNativeTarget;
			buildConfigurationList = 659EA03E1ECE835200403E76 /* Build configuration list for PBXNativeTarget "ZMusicPlayerSwiftDemoUITests" */;
			buildPhases = (
				659EA02B1ECE835200403E76 /* Sources */,
				659EA02C1ECE835200403E76 /* Frameworks */,
				659EA02D1ECE835200403E76 /* Resources */,
			);
			buildRules = (
			);
			dependencies = (
				659EA0311ECE835200403E76 /* PBXTargetDependency */,
			);
			name = ZMusicPlayerSwiftDemoUITests;
			productName = ZMusicPlayerSwiftDemoUITests;
			productReference = 659EA02F1ECE835200403E76 /* ZMusicPlayerSwiftDemoUITests.xctest */;
			productType = "com.apple.product-type.bundle.ui-testing";
		};
/* End PBXNativeTarget section */

/* Begin PBXProject section */
		659EA0051ECE835200403E76 /* Project object */ = {
			isa = PBXProject;
			attributes = {
				LastSwiftUpdateCheck = 0830;
				LastUpgradeCheck = 0830;
				ORGANIZATIONNAME = Z;
				TargetAttributes = {
					659EA00C1ECE835200403E76 = {
						CreatedOnToolsVersion = 8.3.2;
						DevelopmentTeam = 5YTH3WKNZJ;
						ProvisioningStyle = Manual;
						SystemCapabilities = {
							com.apple.BackgroundModes = {
								enabled = 1;
							};
						};
					};
					659EA0231ECE835200403E76 = {
						CreatedOnToolsVersion = 8.3.2;
						ProvisioningStyle = Automatic;
						TestTargetID = 659EA00C1ECE835200403E76;
					};
					659EA02E1ECE835200403E76 = {
						CreatedOnToolsVersion = 8.3.2;
						ProvisioningStyle = Automatic;
						TestTargetID = 659EA00C1ECE835200403E76;
					};
				};
			};
			buildConfigurationList = 659EA0081ECE835200403E76 /* Build configuration list for PBXProject "ZMusicPlayerSwiftDemo" */;
			compatibilityVersion = "Xcode 3.2";
			developmentRegion = English;
			hasScannedForEncodings = 0;
			knownRegions = (
				en,
				Base,
			);
			mainGroup = 659EA0041ECE835200403E76;
			productRefGroup = 659EA00E1ECE835200403E76 /* Products */;
			projectDirPath = "";
			projectRoot = "";
			targets = (
				659EA00C1ECE835200403E76 /* ZMusicPlayerSwiftDemo */,
				659EA0231ECE835200403E76 /* ZMusicPlayerSwiftDemoTests */,
				659EA02E1ECE835200403E76 /* ZMusicPlayerSwiftDemoUITests */,
			);
		};
/* End PBXProject section */

/* Begin PBXResourcesBuildPhase section */
		659EA00B1ECE835200403E76 /* Resources */ = {
			isa = PBXResourcesBuildPhase;
			buildActionMask = 2147483647;
			files = (
				654225231ED2D24300A2C853 /* 255319.lrc in Resources */,
				6542251E1ED2D24300A2C853 /* 10736444.lrc in Resources */,
				6542252B1ED2D24300A2C853 /* 12309111.mp3 in Resources */,
				654225181ED2D24300A2C853 /* nanquan_icon@2x.jpg in Resources */,
				654225121ED2D24300A2C853 /* jj_icon@2x.png in Resources */,
				654225291ED2D24300A2C853 /* 1201111234.mp3 in Resources */,
				654225281ED2D24300A2C853 /* 10736444.mp3 in Resources */,
				654225101ED2D24300A2C853 /* jay_icon@2x.png in Resources */,
				6542252C1ED2D24300A2C853 /* 14945107.mp3 in Resources */,
				6542250A1ED2D24300A2C853 /* bb_icon@2x.jpg in Resources */,
				6542251D1ED2D24300A2C853 /* 10405520.lrc in Resources */,
				654225141ED2D24300A2C853 /* kzxd_icon@2x.jpg in Resources */,
				6542250F1ED2D24300A2C853 /* jay@2x.jpg in Resources */,
				659EA01E1ECE835200403E76 /* LaunchScreen.storyboard in Resources */,
				6542251C1ED2D24300A2C853 /* zxy_icon@2x.jpg in Resources */,
				6542252E1ED2D24300A2C853 /* 255319.mp3 in Resources */,
				654225191ED2D24300A2C853 /* wf@2x.jpg in Resources */,
				6542250B1ED2D24300A2C853 /* dzq@2x.jpg in Resources */,
				6542251A1ED2D24300A2C853 /* wf_icon@2x.jpg in Resources */,
				6542250E1ED2D24300A2C853 /* eason_icon@2x.jpg in Resources */,
				6542252A1ED2D24300A2C853 /* 120125029.mp3 in Resources */,
				654225271ED2D24300A2C853 /* 10405520.mp3 in Resources */,
				654225131ED2D24300A2C853 /* kzxd@2x.jpg in Resources */,
				654225161ED2D24300A2C853 /* lkq_icon@2x.jpg in Resources */,
				6542252D1ED2D24300A2C853 /* 235319.mp3 in Resources */,
				654225371ED2D2EA00A2C853 /* Musics.plist in Resources */,
				654225201ED2D24300A2C853 /* 12309111.lrc in Resources */,
				654225111ED2D24300A2C853 /* jj@2x.jpg in Resources */,
				6542251B1ED2D24300A2C853 /* zxy@2x.jpg in Resources */,
				6542250D1ED2D24300A2C853 /* eason@2x.jpg in Resources */,
				654225151ED2D24300A2C853 /* lkq@2x.jpg in Resources */,
				654225241ED2D24300A2C853 /* 309769.lrc in Resources */,
				654225251ED2D24300A2C853 /* 339744.lrc in Resources */,
				654225261ED2D24300A2C853 /* 月半小夜曲.lrc in Resources */,
				6542250C1ED2D24300A2C853 /* dzq_icon@2x.jpg in Resources */,
				654225211ED2D24300A2C853 /* 14945107.lrc in Resources */,
				659EA01B1ECE835200403E76 /* Assets.xcassets in Resources */,
				6542252F1ED2D24300A2C853 /* 309769.mp3 in Resources */,
				6542251F1ED2D24300A2C853 /* 120125029.lrc in Resources */,
				654225091ED2D24300A2C853 /* bb@2x.jpg in Resources */,
				654225221ED2D24300A2C853 /* 235319.lrc in Resources */,
				654225361ED2D2EA00A2C853 /* QQListBack.jpg in Resources */,
				659EA0161ECE835200403E76 /* Main.storyboard in Resources */,
				654225171ED2D24300A2C853 /* nanquan@2x.jpg in Resources */,
				654225301ED2D24300A2C853 /* 339744.mp3 in Resources */,
			);
			runOnlyForDeploymentPostprocessing = 0;
		};
		659EA0221ECE835200403E76 /* Resources */ = {
			isa = PBXResourcesBuildPhase;
			buildActionMask = 2147483647;
			files = (
			);
			runOnlyForDeploymentPostprocessing = 0;
		};
		659EA02D1ECE835200403E76 /* Resources */ = {
			isa = PBXResourcesBuildPhase;
			buildActionMask = 2147483647;
			files = (
			);
			runOnlyForDeploymentPostprocessing = 0;
		};
/* End PBXResourcesBuildPhase section */

/* Begin PBXShellScriptBuildPhase section */
		09F265C674C852D1A9A99EE7 /* [CP] Embed Pods Frameworks */ = {
			isa = PBXShellScriptBuildPhase;
			buildActionMask = 2147483647;
			files = (
			);
			inputPaths = (
			);
			name = "[CP] Embed Pods Frameworks";
			outputPaths = (
			);
			runOnlyForDeploymentPostprocessing = 0;
			shellPath = /bin/sh;
			shellScript = "\"${SRCROOT}/Pods/Target Support Files/Pods-ZMusicPlayerSwiftDemo/Pods-ZMusicPlayerSwiftDemo-frameworks.sh\"\n";
			showEnvVarsInLog = 0;
		};
		65E9C96B5CBF6F3181350614 /* [CP] Copy Pods Resources */ = {
			isa = PBXShellScriptBuildPhase;
			buildActionMask = 2147483647;
			files = (
			);
			inputPaths = (
			);
			name = "[CP] Copy Pods Resources";
			outputPaths = (
			);
			runOnlyForDeploymentPostprocessing = 0;
			shellPath = /bin/sh;
			shellScript = "\"${SRCROOT}/Pods/Target Support Files/Pods-ZMusicPlayerSwiftDemo/Pods-ZMusicPlayerSwiftDemo-resources.sh\"\n";
			showEnvVarsInLog = 0;
		};
		B564888973A20A14FADDBBBC /* [CP] Check Pods Manifest.lock */ = {
			isa = PBXShellScriptBuildPhase;
			buildActionMask = 2147483647;
			files = (
			);
			inputPaths = (
			);
			name = "[CP] Check Pods Manifest.lock";
			outputPaths = (
			);
			runOnlyForDeploymentPostprocessing = 0;
			shellPath = /bin/sh;
			shellScript = "diff \"${PODS_PODFILE_DIR_PATH}/Podfile.lock\" \"${PODS_ROOT}/Manifest.lock\" > /dev/null\nif [ $? != 0 ] ; then\n    # print error to STDERR\n    echo \"error: The sandbox is not in sync with the Podfile.lock. Run 'pod install' or update your CocoaPods installation.\" >&2\n    exit 1\nfi\n";
			showEnvVarsInLog = 0;
		};
/* End PBXShellScriptBuildPhase section */

/* Begin PBXSourcesBuildPhase section */
		659EA0091ECE835200403E76 /* Sources */ = {
			isa = PBXSourcesBuildPhase;
			buildActionMask = 2147483647;
			files = (
				65C658B31ECEDEE900296D42 /* ModelMusicPlayer.swift in Sources */,
				654225451ED411F100A2C853 /* ZMusicViewController.swift in Sources */,
				654224D61ED28E3400A2C853 /* ZAudioTool.swift in Sources */,
				654225491ED42FC100A2C853 /* ZLyricTVC.swift in Sources */,
				65C658B11ECED1A000296D42 /* ZModelMusic.swift in Sources */,
				65C658A51ECEA47200296D42 /* ZNavigationController.swift in Sources */,
				6542253B1ED2D95E00A2C853 /* MJExtension.swift in Sources */,
				6542254B1ED42FFE00A2C853 /* ZLyricLabel.swift in Sources */,
				659EA0191ECE835200403E76 /* ZMusicPlayerSwiftDemo.xcdatamodeld in Sources */,
				65C658BA1ECEE1C100296D42 /* ZExtendClass.swift in Sources */,
				654224D81ED28E4700A2C853 /* ZMusicTool.swift in Sources */,
				6542254D1ED4316600A2C853 /* ZBaseTVC.swift in Sources */,
				65C658AF1ECED19300296D42 /* ZModelLyric.swift in Sources */,
				65C5E7D21ED96578001D30EC /* ZEnumManager.swift in Sources */,
				65C5E7CE1ED686E9001D30EC /* ZBaseTV.swift in Sources */,
				654224D41ED28E1F00A2C853 /* ZLyricModelTool.swift in Sources */,
				654224DA1ED28E6500A2C853 /* ZMusicModelTool.swift in Sources */,
				659EA0111ECE835200403E76 /* AppDelegate.swift in Sources */,
				6542254F1ED43BE900A2C853 /* ZBaseViewController.swift in Sources */,
				654225471ED4123F00A2C853 /* ZLyricViewController.swift in Sources */,
				654225411ED3E6DD00A2C853 /* ZMusicListTVC.swift in Sources */,
				654225431ED3E98800A2C853 /* ZMusicListViewController.swift in Sources */,
			);
			runOnlyForDeploymentPostprocessing = 0;
		};
		659EA0201ECE835200403E76 /* Sources */ = {
			isa = PBXSourcesBuildPhase;
			buildActionMask = 2147483647;
			files = (
				659EA0291ECE835200403E76 /* ZMusicPlayerSwiftDemoTests.swift in Sources */,
			);
			runOnlyForDeploymentPostprocessing = 0;
		};
		659EA02B1ECE835200403E76 /* Sources */ = {
			isa = PBXSourcesBuildPhase;
			buildActionMask = 2147483647;
			files = (
				659EA0341ECE835200403E76 /* ZMusicPlayerSwiftDemoUITests.swift in Sources */,
			);
			runOnlyForDeploymentPostprocessing = 0;
		};
/* End PBXSourcesBuildPhase section */

/* Begin PBXTargetDependency section */
		659EA0261ECE835200403E76 /* PBXTargetDependency */ = {
			isa = PBXTargetDependency;
			target = 659EA00C1ECE835200403E76 /* ZMusicPlayerSwiftDemo */;
			targetProxy = 659EA0251ECE835200403E76 /* PBXContainerItemProxy */;
		};
		659EA0311ECE835200403E76 /* PBXTargetDependency */ = {
			isa = PBXTargetDependency;
			target = 659EA00C1ECE835200403E76 /* ZMusicPlayerSwiftDemo */;
			targetProxy = 659EA0301ECE835200403E76 /* PBXContainerItemProxy */;
		};
/* End PBXTargetDependency section */

/* Begin PBXVariantGroup section */
		659EA0141ECE835200403E76 /* Main.storyboard */ = {
			isa = PBXVariantGroup;
			children = (
				659EA0151ECE835200403E76 /* Base */,
			);
			name = Main.storyboard;
			sourceTree = "<group>";
		};
		659EA01C1ECE835200403E76 /* LaunchScreen.storyboard */ = {
			isa = PBXVariantGroup;
			children = (
				659EA01D1ECE835200403E76 /* Base */,
			);
			name = LaunchScreen.storyboard;
			sourceTree = "<group>";
		};
/* End PBXVariantGroup section */

/* Begin XCBuildConfiguration section */
		659EA0361ECE835200403E76 /* Debug */ = {
			isa = XCBuildConfiguration;
			buildSettings = {
				ALWAYS_SEARCH_USER_PATHS = NO;
				CLANG_ANALYZER_NONNULL = YES;
				CLANG_ANALYZER_NUMBER_OBJECT_CONVERSION = YES_AGGRESSIVE;
				CLANG_CXX_LANGUAGE_STANDARD = "gnu++0x";
				CLANG_CXX_LIBRARY = "libc++";
				CLANG_ENABLE_MODULES = YES;
				CLANG_ENABLE_OBJC_ARC = YES;
				CLANG_WARN_BOOL_CONVERSION = YES;
				CLANG_WARN_CONSTANT_CONVERSION = YES;
				CLANG_WARN_DIRECT_OBJC_ISA_USAGE = YES_ERROR;
				CLANG_WARN_DOCUMENTATION_COMMENTS = YES;
				CLANG_WARN_EMPTY_BODY = YES;
				CLANG_WARN_ENUM_CONVERSION = YES;
				CLANG_WARN_INFINITE_RECURSION = YES;
				CLANG_WARN_INT_CONVERSION = YES;
				CLANG_WARN_OBJC_ROOT_CLASS = YES_ERROR;
				CLANG_WARN_SUSPICIOUS_MOVE = YES;
				CLANG_WARN_UNREACHABLE_CODE = YES;
				CLANG_WARN__DUPLICATE_METHOD_MATCH = YES;
				"CODE_SIGN_IDENTITY[sdk=iphoneos*]" = "iPhone Developer";
				COPY_PHASE_STRIP = NO;
				DEBUG_INFORMATION_FORMAT = dwarf;
				ENABLE_STRICT_OBJC_MSGSEND = YES;
				ENABLE_TESTABILITY = YES;
				GCC_C_LANGUAGE_STANDARD = gnu99;
				GCC_DYNAMIC_NO_PIC = NO;
				GCC_NO_COMMON_BLOCKS = YES;
				GCC_OPTIMIZATION_LEVEL = 0;
				GCC_PREPROCESSOR_DEFINITIONS = (
					"DEBUG=1",
					"$(inherited)",
				);
				GCC_WARN_64_TO_32_BIT_CONVERSION = YES;
				GCC_WARN_ABOUT_RETURN_TYPE = YES_ERROR;
				GCC_WARN_UNDECLARED_SELECTOR = YES;
				GCC_WARN_UNINITIALIZED_AUTOS = YES_AGGRESSIVE;
				GCC_WARN_UNUSED_FUNCTION = YES;
				GCC_WARN_UNUSED_VARIABLE = YES;
				IPHONEOS_DEPLOYMENT_TARGET = 8.0;
				MTL_ENABLE_DEBUG_INFO = YES;
				ONLY_ACTIVE_ARCH = YES;
				SDKROOT = iphoneos;
				SWIFT_ACTIVE_COMPILATION_CONDITIONS = DEBUG;
				SWIFT_OPTIMIZATION_LEVEL = "-Onone";
				TARGETED_DEVICE_FAMILY = "1,2";
			};
			name = Debug;
		};
		659EA0371ECE835200403E76 /* Release */ = {
			isa = XCBuildConfiguration;
			buildSettings = {
				ALWAYS_SEARCH_USER_PATHS = NO;
				CLANG_ANALYZER_NONNULL = YES;
				CLANG_ANALYZER_NUMBER_OBJECT_CONVERSION = YES_AGGRESSIVE;
				CLANG_CXX_LANGUAGE_STANDARD = "gnu++0x";
				CLANG_CXX_LIBRARY = "libc++";
				CLANG_ENABLE_MODULES = YES;
				CLANG_ENABLE_OBJC_ARC = YES;
				CLANG_WARN_BOOL_CONVERSION = YES;
				CLANG_WARN_CONSTANT_CONVERSION = YES;
				CLANG_WARN_DIRECT_OBJC_ISA_USAGE = YES_ERROR;
				CLANG_WARN_DOCUMENTATION_COMMENTS = YES;
				CLANG_WARN_EMPTY_BODY = YES;
				CLANG_WARN_ENUM_CONVERSION = YES;
				CLANG_WARN_INFINITE_RECURSION = YES;
				CLANG_WARN_INT_CONVERSION = YES;
				CLANG_WARN_OBJC_ROOT_CLASS = YES_ERROR;
				CLANG_WARN_SUSPICIOUS_MOVE = YES;
				CLANG_WARN_UNREACHABLE_CODE = YES;
				CLANG_WARN__DUPLICATE_METHOD_MATCH = YES;
				"CODE_SIGN_IDENTITY[sdk=iphoneos*]" = "iPhone Developer";
				COPY_PHASE_STRIP = NO;
				DEBUG_INFORMATION_FORMAT = "dwarf-with-dsym";
				ENABLE_NS_ASSERTIONS = NO;
				ENABLE_STRICT_OBJC_MSGSEND = YES;
				GCC_C_LANGUAGE_STANDARD = gnu99;
				GCC_NO_COMMON_BLOCKS = YES;
				GCC_WARN_64_TO_32_BIT_CONVERSION = YES;
				GCC_WARN_ABOUT_RETURN_TYPE = YES_ERROR;
				GCC_WARN_UNDECLARED_SELECTOR = YES;
				GCC_WARN_UNINITIALIZED_AUTOS = YES_AGGRESSIVE;
				GCC_WARN_UNUSED_FUNCTION = YES;
				GCC_WARN_UNUSED_VARIABLE = YES;
				IPHONEOS_DEPLOYMENT_TARGET = 8.0;
				MTL_ENABLE_DEBUG_INFO = NO;
				SDKROOT = iphoneos;
				SWIFT_OPTIMIZATION_LEVEL = "-Owholemodule";
				TARGETED_DEVICE_FAMILY = "1,2";
				VALIDATE_PRODUCT = YES;
			};
			name = Release;
		};
		659EA0391ECE835200403E76 /* Debug */ = {
			isa = XCBuildConfiguration;
			baseConfigurationReference = 1964D9D2006F77BB9E5770AD /* Pods-ZMusicPlayerSwiftDemo.debug.xcconfig */;
			buildSettings = {
				ASSETCATALOG_COMPILER_APPICON_NAME = AppIcon;
				DEVELOPMENT_TEAM = 5YTH3WKNZJ;
				INFOPLIST_FILE = ZMusicPlayerSwiftDemo/Info.plist;
				LD_RUNPATH_SEARCH_PATHS = "$(inherited) @executable_path/Frameworks";
				PRODUCT_BUNDLE_IDENTIFIER = com.daniel.ZMusicPlayerSwiftDemo;
				PRODUCT_NAME = "$(TARGET_NAME)";
				PROVISIONING_PROFILE = "c28f3b4d-d6d3-46bc-a3ad-6c9214ba5ee7";
				PROVISIONING_PROFILE_SPECIFIER = DanielProject_Dev;
				SWIFT_VERSION = 3.0;
			};
			name = Debug;
		};
		659EA03A1ECE835200403E76 /* Release */ = {
			isa = XCBuildConfiguration;
			baseConfigurationReference = 55343139A01434F1ED23E74A /* Pods-ZMusicPlayerSwiftDemo.release.xcconfig */;
			buildSettings = {
				ASSETCATALOG_COMPILER_APPICON_NAME = AppIcon;
				"CODE_SIGN_IDENTITY[sdk=iphoneos*]" = "iPhone Distribution";
				DEVELOPMENT_TEAM = 5YTH3WKNZJ;
				INFOPLIST_FILE = ZMusicPlayerSwiftDemo/Info.plist;
				LD_RUNPATH_SEARCH_PATHS = "$(inherited) @executable_path/Frameworks";
				PRODUCT_BUNDLE_IDENTIFIER = com.daniel.ZMusicPlayerSwiftDemo;
				PRODUCT_NAME = "$(TARGET_NAME)";
				PROVISIONING_PROFILE = "8836fd53-f534-4832-9e1f-7cee4e069038";
				PROVISIONING_PROFILE_SPECIFIER = DanielProject_Hoc;
				SWIFT_VERSION = 3.0;
			};
			name = Release;
		};
		659EA03C1ECE835200403E76 /* Debug */ = {
			isa = XCBuildConfiguration;
			buildSettings = {
				ALWAYS_EMBED_SWIFT_STANDARD_LIBRARIES = YES;
				BUNDLE_LOADER = "$(TEST_HOST)";
				INFOPLIST_FILE = ZMusicPlayerSwiftDemoTests/Info.plist;
				LD_RUNPATH_SEARCH_PATHS = "$(inherited) @executable_path/Frameworks @loader_path/Frameworks";
				PRODUCT_BUNDLE_IDENTIFIER = com.daniel.ZMusicPlayerSwiftDemoTests;
				PRODUCT_NAME = "$(TARGET_NAME)";
				SWIFT_VERSION = 3.0;
				TEST_HOST = "$(BUILT_PRODUCTS_DIR)/ZMusicPlayerSwiftDemo.app/ZMusicPlayerSwiftDemo";
			};
			name = Debug;
		};
		659EA03D1ECE835200403E76 /* Release */ = {
			isa = XCBuildConfiguration;
			buildSettings = {
				ALWAYS_EMBED_SWIFT_STANDARD_LIBRARIES = YES;
				BUNDLE_LOADER = "$(TEST_HOST)";
				INFOPLIST_FILE = ZMusicPlayerSwiftDemoTests/Info.plist;
				LD_RUNPATH_SEARCH_PATHS = "$(inherited) @executable_path/Frameworks @loader_path/Frameworks";
				PRODUCT_BUNDLE_IDENTIFIER = com.daniel.ZMusicPlayerSwiftDemoTests;
				PRODUCT_NAME = "$(TARGET_NAME)";
				SWIFT_VERSION = 3.0;
				TEST_HOST = "$(BUILT_PRODUCTS_DIR)/ZMusicPlayerSwiftDemo.app/ZMusicPlayerSwiftDemo";
			};
			name = Release;
		};
		659EA03F1ECE835200403E76 /* Debug */ = {
			isa = XCBuildConfiguration;
			buildSettings = {
				ALWAYS_EMBED_SWIFT_STANDARD_LIBRARIES = YES;
				INFOPLIST_FILE = ZMusicPlayerSwiftDemoUITests/Info.plist;
				LD_RUNPATH_SEARCH_PATHS = "$(inherited) @executable_path/Frameworks @loader_path/Frameworks";
				PRODUCT_BUNDLE_IDENTIFIER = com.daniel.ZMusicPlayerSwiftDemoUITests;
				PRODUCT_NAME = "$(TARGET_NAME)";
				SWIFT_VERSION = 3.0;
				TEST_TARGET_NAME = ZMusicPlayerSwiftDemo;
			};
			name = Debug;
		};
		659EA0401ECE835200403E76 /* Release */ = {
			isa = XCBuildConfiguration;
			buildSettings = {
				ALWAYS_EMBED_SWIFT_STANDARD_LIBRARIES = YES;
				INFOPLIST_FILE = ZMusicPlayerSwiftDemoUITests/Info.plist;
				LD_RUNPATH_SEARCH_PATHS = "$(inherited) @executable_path/Frameworks @loader_path/Frameworks";
				PRODUCT_BUNDLE_IDENTIFIER = com.daniel.ZMusicPlayerSwiftDemoUITests;
				PRODUCT_NAME = "$(TARGET_NAME)";
				SWIFT_VERSION = 3.0;
				TEST_TARGET_NAME = ZMusicPlayerSwiftDemo;
			};
			name = Release;
		};
/* End XCBuildConfiguration section */

/* Begin XCConfigurationList section */
		659EA0081ECE835200403E76 /* Build configuration list for PBXProject "ZMusicPlayerSwiftDemo" */ = {
			isa = XCConfigurationList;
			buildConfigurations = (
				659EA0361ECE835200403E76 /* Debug */,
				659EA0371ECE835200403E76 /* Release */,
			);
			defaultConfigurationIsVisible = 0;
			defaultConfigurationName = Release;
		};
		659EA0381ECE835200403E76 /* Build configuration list for PBXNativeTarget "ZMusicPlayerSwiftDemo" */ = {
			isa = XCConfigurationList;
			buildConfigurations = (
				659EA0391ECE835200403E76 /* Debug */,
				659EA03A1ECE835200403E76 /* Release */,
			);
			defaultConfigurationIsVisible = 0;
			defaultConfigurationName = Release;
		};
		659EA03B1ECE835200403E76 /* Build configuration list for PBXNativeTarget "ZMusicPlayerSwiftDemoTests" */ = {
			isa = XCConfigurationList;
			buildConfigurations = (
				659EA03C1ECE835200403E76 /* Debug */,
				659EA03D1ECE835200403E76 /* Release */,
			);
			defaultConfigurationIsVisible = 0;
			defaultConfigurationName = Release;
		};
		659EA03E1ECE835200403E76 /* Build configuration list for PBXNativeTarget "ZMusicPlayerSwiftDemoUITests" */ = {
			isa = XCConfigurationList;
			buildConfigurations = (
				659EA03F1ECE835200403E76 /* Debug */,
				659EA0401ECE835200403E76 /* Release */,
			);
			defaultConfigurationIsVisible = 0;
			defaultConfigurationName = Release;
		};
/* End XCConfigurationList section */

/* Begin XCVersionGroup section */
		659EA0171ECE835200403E76 /* ZMusicPlayerSwiftDemo.xcdatamodeld */ = {
			isa = XCVersionGroup;
			children = (
				659EA0181ECE835200403E76 /* ZMusicPlayerSwiftDemo.xcdatamodel */,
			);
			currentVersion = 659EA0181ECE835200403E76 /* ZMusicPlayerSwiftDemo.xcdatamodel */;
			path = ZMusicPlayerSwiftDemo.xcdatamodeld;
			sourceTree = "<group>";
			versionGroupType = wrapper.xcdatamodel;
		};
/* End XCVersionGroup section */
	};
	rootObject = 659EA0051ECE835200403E76 /* Project object */;
}
